PackratFormat: 1.4
PackratVersion: 0.4.9.2
RVersion: 3.3.3
Repos: CRAN=https://cran.rstudio.com/,
    CRANextra=http://www.stats.ox.ac.uk/pub/RWin

Package: BH
Source: CRAN
Version: 1.66.0-1
Hash: 4cc8883584b955ed01f38f68bc03af6d

Package: MASS
Source: CRAN
Version: 7.3-49
Hash: 01a2feb0d02f446a8337f5fa310fb498

Package: Matrix
Source: CRAN
Version: 1.2-14
Hash: 521aa8772a1941dfdb007bf532d19dde
Requires: lattice

Package: PCICt
Source: CRAN
Version: 0.5-4.1
Hash: da2eb46879cc528ae62461878f099fc1

Package: R6
Source: CRAN
Version: 2.2.2
Hash: b2366cd9d2f3851a5704b4e192b985c2

Package: RColorBrewer
Source: CRAN
Version: 1.1-2
Hash: c0d56cd15034f395874c870141870c25

Package: Rcpp
Source: CRAN
Version: 0.12.16
Hash: 8cc9dc88c11acdcf8a6dec4a0f1500bc

Package: RgoogleMaps
Source: CRAN
Version: 1.4.1
Hash: 3310ba24c8436b297d1fb60ac4324ff2
Requires: png

Package: Rttf2pt1
Source: CRAN
Version: 1.3.6
Hash: 2348092a1411c06bdb1db4b7834187d3

Package: abind
Source: CRAN
Version: 1.4-5
Hash: 1ceb86ef5ebe776ed4753ab6165eb6d7

Package: assertthat
Source: CRAN
Version: 0.2.0
Hash: e8805df54c65ac96d50235c44a82615c

Package: bindr
Source: CRAN
Version: 0.1.1
Hash: 76578c5f543a6ecbc1365d6445f9ebf7

Package: bindrcpp
Source: CRAN
Version: 0.2.2
Hash: f97e97075970836f25b6cb53b3a52c4f
Requires: Rcpp, bindr, plogr

Package: cli
Source: CRAN
Version: 1.0.0
Hash: f4239f89feb7ddc65821e4514e9734ae
Requires: assertthat, crayon

Package: colorspace
Source: CRAN
Version: 1.3-2
Hash: 0bf8618b585fa98eb23414cd3ab95118

Package: crayon
Source: CRAN
Version: 1.3.4
Hash: ff2840dd9b0d563fc80377a5a45510cd

Package: dichromat
Source: CRAN
Version: 2.0-0
Hash: 08eed0c80510af29bb15f840ccfe37ce

Package: digest
Source: CRAN
Version: 0.6.14
Hash: 8017201df840795327c67825e98b52c1

Package: dotCall64
Source: CRAN
Version: 0.9-5.2
Hash: a2b2b52ee054544307b2c78e7f342a7c

Package: dplyr
Source: CRAN
Version: 0.7.4
Hash: cf677ec8dad7a45d1397dd7e72ef30c6
Requires: BH, R6, Rcpp, assertthat, bindrcpp, glue, magrittr,
    pkgconfig, plogr, rlang, tibble

Package: extrafont
Source: CRAN
Version: 0.17
Hash: d9555d8cfe70b3372d066648400770b5
Requires: Rttf2pt1, extrafontdb

Package: extrafontdb
Source: CRAN
Version: 1.0
Hash: 72269616f582dc675c90ecd025af2754

Package: fansi
Source: CRAN
Version: 0.2.2
Hash: 486d020b5f61cdb62a072fad5f5a05f0

Package: fields
Source: CRAN
Version: 9.6
Hash: 35141d1c71dca17a40268b789c1bab53
Requires: maps, spam

Package: foreign
Source: CRAN
Version: 0.8-69
Hash: 6cb09ceba757189aff90eb9bb72c8983

Package: geosphere
Source: CRAN
Version: 1.5-7
Hash: 006396aaed8f45b60f39b9a31537859d
Requires: sp

Package: ggmap
Source: CRAN
Version: 2.6.1
Hash: 3e5545418aab1ad8e47c218236dd4f0b
Requires: RgoogleMaps, digest, geosphere, ggplot2, jpeg, mapproj, plyr,
    png, proto, reshape2, rjson, scales

Package: ggplot2
Source: CRAN
Version: 2.2.1
Hash: 46e5cb78836848aa44655e577433f54b
Requires: MASS, digest, gtable, lazyeval, plyr, reshape2, scales,
    tibble

Package: glue
Source: CRAN
Version: 1.2.0
Hash: 381e42baedecc633c0e547a0c7ca9de7

Package: gridExtra
Source: CRAN
Version: 2.3
Hash: fa977bc1aab5588a08123b10ceb1ad3d
Requires: gtable

Package: gtable
Source: CRAN
Version: 0.2.0
Hash: cd78381a9d3fea966ac39bd0daaf5554

Package: hms
Source: CRAN
Version: 0.4.2
Hash: b4096a4f6a6736138e9a825c2baaacf0
Requires: pkgconfig, rlang

Package: jpeg
Source: CRAN
Version: 0.1-8
Hash: 189af3df9864c6aa8546033f08ba9358

Package: labeling
Source: CRAN
Version: 0.3
Hash: ecf589b42cd284b03a4beb9665482d3e

Package: lattice
Source: CRAN
Version: 0.20-35
Hash: 26b9d7f0d0cb4e1d1bbb97f867c82d89

Package: lazyeval
Source: CRAN
Version: 0.2.1
Hash: 88926ad9c43581fd0822a37c8ed09f05

Package: magrittr
Source: CRAN
Version: 1.5
Hash: bdc4d48c3135e8f3b399536ddf160df4

Package: mapproj
Source: CRAN
Version: 1.2.6
Hash: 011f720efaa747ef7acfe36d74983e44
Requires: maps

Package: maps
Source: CRAN
Version: 3.3.0
Hash: 0815ed94aca05c7aeb177ebddd4ee23b

Package: maptools
Source: CRAN
Version: 0.9-2
Hash: 2dfbad6ef57f83a91e4e9d4ccc0807cd
Requires: foreign, lattice, sp

Package: mgcv
Source: CRAN
Version: 1.8-23
Hash: fa59e265e8cb2e97d2043b399a13c2b9
Requires: Matrix, nlme

Package: munsell
Source: CRAN
Version: 0.4.3
Hash: f96d896947fcaf9b6d0074002e9f4f9d
Requires: colorspace

Package: ncdf4
Source: CRAN
Version: 1.16
Hash: 68486da5802565ac2e2ed038caf2b858

Package: ncdf4.helpers
Source: CRAN
Version: 0.3-3
Hash: b9bf7e51da3d44efafef8468b5db3c1f
Requires: PCICt, abind, ncdf4

Package: nlme
Source: CRAN
Version: 3.1-131.1
Hash: 6b1b99fd662a03fc6f799661f6f2a760
Requires: lattice

Package: packrat
Source: CRAN
Version: 0.4.9-2
Hash: 47dbd4e04dcd01da02a2021203205cb1

Package: pbapply
Source: CRAN
Version: 1.3-4
Hash: f0c9c1a25f03013694779ceb663d2ee0

Package: pillar
Source: CRAN
Version: 1.2.1
Hash: 21190605f9f425d625a09c8259860bae
Requires: cli, crayon, rlang, utf8

Package: pkgconfig
Source: CRAN
Version: 2.0.1
Hash: 0dda4a2654a22b36a715c2b0b6fbacac

Package: plogr
Source: CRAN
Version: 0.2.0
Hash: 81a8008a5e7858552503935f1abe48aa

Package: plyr
Source: CRAN
Version: 1.8.4
Hash: 2d09eea8a6bcac8e61b6a8728917b877
Requires: Rcpp

Package: png
Source: CRAN
Version: 0.1-7
Hash: 421d7d6e0fb4bd885ecbd909b6456b8b

Package: proto
Source: CRAN
Version: 1.0.0
Hash: f9a2528572320c1e0bc8783dfd6e0fae

Package: purrr
Source: CRAN
Version: 0.2.4
Hash: a80b244ccd3fdb33a0ff2be3c50dd648
Requires: magrittr, rlang, tibble

Package: readr
Source: CRAN
Version: 1.1.1
Hash: 70f2df9a128697b88134875a72dfd322
Requires: BH, R6, Rcpp, hms, tibble

Package: reshape2
Source: CRAN
Version: 1.4.3
Hash: db7226b8ea11d02510f74d6a397959d6
Requires: Rcpp, plyr, stringr

Package: rgdal
Source: CRAN
Version: 1.2-18
Hash: 499159dc7adf65942ff02851760a8a77
Requires: sp

Package: rjson
Source: CRAN
Version: 0.2.15
Hash: def074f38d0cff3b597649ee6f976128

Package: rlang
Source: CRAN
Version: 0.2.0
Hash: 647e2e50a72557d1a770dcd6701e562b

Package: rworldmap
Source: CRAN
Version: 1.3-6
Hash: be6e37948fed2728262e0dba532da868
Requires: fields, maptools, sp

Package: scales
Source: CRAN
Version: 0.5.0
Hash: de72bbfa723acfaa28bb99788a303987
Requires: R6, RColorBrewer, Rcpp, dichromat, labeling, munsell, plyr,
    viridisLite

Package: sp
Source: CRAN
Version: 1.2-7
Hash: 6faf282e9f36440f7b51a30ed83e7621
Requires: lattice

Package: spam
Source: CRAN
Version: 2.1-4
Hash: a16b58104861b8657139cf768690beea
Requires: dotCall64

Package: stringi
Source: CRAN
Version: 1.1.7
Hash: d3dbb18da9a7b73a5b59416e33ad2cbd

Package: stringr
Source: CRAN
Version: 1.3.0
Hash: b2801fdc391caef2335dbdb1064836bb
Requires: glue, magrittr, stringi

Package: tibble
Source: CRAN
Version: 1.4.2
Hash: 83895360ce4f8d2ce92eee00526b5b0b
Requires: cli, crayon, pillar, rlang

Package: tidyr
Source: CRAN
Version: 0.8.0
Hash: 99a48e0cc96c0f0d673d4ef47260b089
Requires: Rcpp, dplyr, glue, magrittr, purrr, rlang, stringi, tibble,
    tidyselect

Package: tidyselect
Source: CRAN
Version: 0.2.4
Hash: 9d6ecd816c267bb44b1a29481841e344
Requires: Rcpp, glue, purrr, rlang

Package: utf8
Source: CRAN
Version: 1.1.3
Hash: a2fe6a996668ee5850b7719f365e831b

Package: viridis
Source: CRAN
Version: 0.5.1
Hash: 39edaec2078b4fc928afb73cc1ce6625
Requires: ggplot2, gridExtra, viridisLite

Package: viridisLite
Source: CRAN
Version: 0.3.0
Hash: 78bb072c4f9e729a283d4c40ec93f9c6

Package: withr
Source: CRAN
Version: 2.1.2
Hash: d534108bcd5f34ec73e9eb523751ba20
